// !$*UTF8*$!
{
	archiveVersion = 1;
	classes = {
	};
	objectVersion = 50;
	objects = {

/* Begin PBXBuildFile section */
		11D7A2BC27EC68970022017D /* AppDelegate.swift in Sources */ = {isa = PBXBuildFile; fileRef = 11D7A2BB27EC68970022017D /* AppDelegate.swift */; };
		11D7A2BE27EC68970022017D /* SceneDelegate.swift in Sources */ = {isa = PBXBuildFile; fileRef = 11D7A2BD27EC68970022017D /* SceneDelegate.swift */; };
		11D7A2C027EC68970022017D /* ViewController.swift in Sources */ = {isa = PBXBuildFile; fileRef = 11D7A2BF27EC68970022017D /* ViewController.swift */; };
		11D7A2C327EC68970022017D /* Main.storyboard in Resources */ = {isa = PBXBuildFile; fileRef = 11D7A2C127EC68970022017D /* Main.storyboard */; };
		11D7A2C527EC689A0022017D /* Assets.xcassets in Resources */ = {isa = PBXBuildFile; fileRef = 11D7A2C427EC689A0022017D /* Assets.xcassets */; };
		11D7A2C827EC689A0022017D /* LaunchScreen.storyboard in Resources */ = {isa = PBXBuildFile; fileRef = 11D7A2C627EC689A0022017D /* LaunchScreen.storyboard */; };
		11D7A2D127EC68C00022017D /* ks_car.dae in Resources */ = {isa = PBXBuildFile; fileRef = 11D7A2D027EC68C00022017D /* ks_car.dae */; };
/* End PBXBuildFile section */

/* Begin PBXFileReference section */
		11D7A2B827EC68970022017D /* 3DCar.app */ = {isa = PBXFileReference; explicitFileType = wrapper.application; includeInIndex = 0; path = 3DCar.app; sourceTree = BUILT_PRODUCTS_DIR; };
		11D7A2BB27EC68970022017D /* AppDelegate.swift */ = {isa = PBXFileReference; lastKnownFileType = sourcecode.swift; path = AppDelegate.swift; sourceTree = "<group>"; };
		11D7A2BD27EC68970022017D /* SceneDelegate.swift */ = {isa = PBXFileReference; lastKnownFileType = sourcecode.swift; path = SceneDelegate.swift; sourceTree = "<group>"; };
		11D7A2BF27EC68970022017D /* ViewController.swift */ = {isa = PBXFileReference; lastKnownFileType = sourcecode.swift; path = ViewController.swift; sourceTree = "<group>"; };
		11D7A2C227EC68970022017D /* Base */ = {isa = PBXFileReference; lastKnownFileType = file.storyboard; name = Base; path = Base.lproj/Main.storyboard; sourceTree = "<group>"; };
		11D7A2C427EC689A0022017D /* Assets.xcassets */ = {isa = PBXFileReference; lastKnownFileType = folder.assetcatalog; path = Assets.xcassets; sourceTree = "<group>"; };
		11D7A2C727EC689A0022017D /* Base */ = {isa = PBXFileReference; lastKnownFileType = file.storyboard; name = Base; path = Base.lproj/LaunchScreen.storyboard; sourceTree = "<group>"; };
		11D7A2C927EC689A0022017D /* Info.plist */ = {isa = PBXFileReference; lastKnownFileType = text.plist.xml; path = Info.plist; sourceTree = "<group>"; };
		11D7A2D027EC68C00022017D /* ks_car.dae */ = {isa = PBXFileReference; fileEncoding = 4; lastKnownFileType = text.xml.dae; path = ks_car.dae; sourceTree = "<group>"; };
/* End PBXFileReference section */

/* Begin PBXFrameworksBuildPhase section */
		11D7A2B527EC68970022017D /* Frameworks */ = {
			isa = PBXFrameworksBuildPhase;
			buildActionMask = 2147483647;
			files = (
			);
			runOnlyForDeploymentPostprocessing = 0;
		};
/* End PBXFrameworksBuildPhase section */

/* Begin PBXGroup section */
		11D7A2AF27EC68970022017D = {
			isa = PBXGroup;
			children = (
				11D7A2BA27EC68970022017D /* 3DCar */,
				11D7A2B927EC68970022017D /* Products */,
			);
			sourceTree = "<group>";
		};
		11D7A2B927EC68970022017D /* Products */ = {
			isa = PBXGroup;
			children = (
				11D7A2B827EC68970022017D /* 3DCar.app */,
			);
			name = Products;
			sourceTree = "<group>";
		};
		11D7A2BA27EC68970022017D /* 3DCar */ = {
			isa = PBXGroup;
			children = (
				11D7A2D027EC68C00022017D /* ks_car.dae */,
				11D7A2BB27EC68970022017D /* AppDelegate.swift */,
				11D7A2BD27EC68970022017D /* SceneDelegate.swift */,
				11D7A2BF27EC68970022017D /* ViewController.swift */,
				11D7A2C127EC68970022017D /* Main.storyboard */,
				11D7A2C427EC689A0022017D /* Assets.xcassets */,
				11D7A2C627EC689A0022017D /* LaunchScreen.storyboard */,
				11D7A2C927EC689A0022017D /* Info.plist */,
			);
			path = 3DCar;
			sourceTree = "<group>";
		};
/* End PBXGroup section */

/* Begin PBXNativeTarget section */
		11D7A2B727EC68970022017D /* 3DCar */ = {
			isa = PBXNativeTarget;
			buildConfigurationList = 11D7A2CC27EC689A0022017D /* Build configuration list for PBXNativeTarget "3DCar" */;
			buildPhases = (
				11D7A2B427EC68970022017D /* Sources */,
				11D7A2B527EC68970022017D /* Frameworks */,
				11D7A2B627EC68970022017D /* Resources */,
			);
			buildRules = (
			);
			dependencies = (
			);
			name = 3DCar;
			productName = 3DCar;
			productReference = 11D7A2B827EC68970022017D /* 3DCar.app */;
			productType = "com.apple.product-type.application";
		};
/* End PBXNativeTarget section */

/* Begin PBXProject section */
		11D7A2B027EC68970022017D /* Project object */ = {
			isa = PBXProject;
			attributes = {
				LastSwiftUpdateCheck = 1230;
				LastUpgradeCheck = 1230;
				TargetAttributes = {
					11D7A2B727EC68970022017D = {
						CreatedOnToolsVersion = 12.3;
					};
				};
			};
			buildConfigurationList = 11D7A2B327EC68970022017D /* Build configuration list for PBXProject "3DCar" */;
			compatibilityVersion = "Xcode 9.3";
			developmentRegion = en;
			hasScannedForEncodings = 0;
			knownRegions = (
				en,
				Base,
			);
			mainGroup = 11D7A2AF27EC68970022017D;
			productRefGroup = 11D7A2B927EC68970022017D /* Products */;
			projectDirPath = "";
			projectRoot = "";
			targets = (
				11D7A2B727EC68970022017D /* 3DCar */,
			);
		};
/* End PBXProject section */

/* Begin PBXResourcesBuildPhase section */
		11D7A2B627EC68970022017D /* Resources */ = {
			isa = PBXResourcesBuildPhase;
			buildActionMask = 2147483647;
			files = (
				11D7A2C827EC689A0022017D /* LaunchScreen.storyboard in Resources */,
				11D7A2D127EC68C00022017D /* ks_car.dae in Resources */,
				11D7A2C527EC689A0022017D /* Assets.xcassets in Resources */,
				11D7A2C327EC68970022017D /* Main.storyboard in Resources */,
			);
			runOnlyForDeploymentPostprocessing = 0;
		};
/* End PBXResourcesBuildPhase section */

/* Begin PBXSourcesBuildPhase section */
		11D7A2B427EC68970022017D /* Sources */ = {
			isa = PBXSourcesBuildPhase;
			buildActionMask = 2147483647;
			files = (
				11D7A2C027EC68970022017D /* ViewController.swift in Sources */,
				11D7A2BC27EC68970022017D /* AppDelegate.swift in Sources */,
				11D7A2BE27EC68970022017D /* SceneDelegate.swift in Sources */,
			);
			runOnlyForDeploymentPostprocessing = 0;
		};
/* End PBXSourcesBuildPhase section */

/* Begin PBXVariantGroup section */
		11D7A2C127EC68970022017D /* Main.storyboard */ = {
			isa = PBXVariantGroup;
			children = (
				11D7A2C227EC68970022017D /* Base */,
			);
			name = Main.storyboard;
			sourceTree = "<group>";
		};
		11D7A2C627EC689A0022017D /* LaunchScreen.storyboard */ = {
			isa = PBXVariantGroup;
			children = (
				11D7A2C727EC689A0022017D /* Base */,
			);
			name = LaunchScreen.storyboard;
			sourceTree = "<group>";
		};
/* End PBXVariantGroup section */

/* Begin XCBuildConfiguration section */
		11D7A2CA27EC689A0022017D /* Debug */ = {
			isa = XCBuildConfiguration;
			buildSettings = {
				ALWAYS_SEARCH_USER_PATHS = NO;
				CLANG_ANALYZER_NONNULL = YES;
				CLANG_ANALYZER_NUMBER_OBJECT_CONVERSION = YES_AGGRESSIVE;
				CLANG_CXX_LANGUAGE_STANDARD = "gnu++14";
				CLANG_CXX_LIBRARY = "libc++";
				CLANG_ENABLE_MODULES = YES;
				CLANG_ENABLE_OBJC_ARC = YES;
				CLANG_ENABLE_OBJC_WEAK = YES;
				CLANG_WARN_BLOCK_CAPTURE_AUTORELEASING = YES;
				CLANG_WARN_BOOL_CONVERSION = YES;
				CLANG_WARN_COMMA = YES;
				CLANG_WARN_CONSTANT_CONVERSION = YES;
				CLANG_WARN_DEPRECATED_OBJC_IMPLEMENTATIONS = YES;
				CLANG_WARN_DIRECT_OBJC_ISA_USAGE = YES_ERROR;
				CLANG_WARN_DOCUMENTATION_COMMENTS = YES;
				CLANG_WARN_EMPTY_BODY = YES;
				CLANG_WARN_ENUM_CONVERSION = YES;
				CLANG_WARN_INFINITE_RECURSION = YES;
				CLANG_WARN_INT_CONVERSION = YES;
				CLANG_WARN_NON_LITERAL_NULL_CONVERSION = YES;
				CLANG_WARN_OBJC_IMPLICIT_RETAIN_SELF = YES;
				CLANG_WARN_OBJC_LITERAL_CONVERSION = YES;
				CLANG_WARN_OBJC_ROOT_CLASS = YES_ERROR;
				CLANG_WARN_QUOTED_INCLUDE_IN_FRAMEWORK_HEADER = YES;
				CLANG_WARN_RANGE_LOOP_ANALYSIS = YES;
				CLANG_WARN_STRICT_PROTOTYPES = YES;
				CLANG_WARN_SUSPICIOUS_MOVE = YES;
				CLANG_WARN_UNGUARDED_AVAILABILITY = YES_AGGRESSIVE;
				CLANG_WARN_UNREACHABLE_CODE = YES;
				CLANG_WARN__DUPLICATE_METHOD_MATCH = YES;
				COPY_PHASE_STRIP = NO;
				DEBUG_INFORMATION_FORMAT = dwarf;
				ENABLE_STRICT_OBJC_MSGSEND = YES;
				ENABLE_TESTABILITY = YES;
				GCC_C_LANGUAGE_STANDARD = gnu11;
				GCC_DYNAMIC_NO_PIC = NO;
				GCC_NO_COMMON_BLOCKS = YES;
				GCC_OPTIMIZATION_LEVEL = 0;
				GCC_PREPROCESSOR_DEFINITIONS = (
					"DEBUG=1",
					"$(inherited)",
				);
				GCC_WARN_64_TO_32_BIT_CONVERSION = YES;
				GCC_WARN_ABOUT_RETURN_TYPE = YES_ERROR;
				GCC_WARN_UNDECLARED_SELECTOR = YES;
				GCC_WARN_UNINITIALIZED_AUTOS = YES_AGGRESSIVE;
				GCC_WARN_UNUSED_FUNCTION = YES;
				GCC_WARN_UNUSED_VARIABLE = YES;
				IPHONEOS_DEPLOYMENT_TARGET = 14.3;
				MTL_ENABLE_DEBUG_INFO = INCLUDE_SOURCE;
				MTL_FAST_MATH = YES;
				ONLY_ACTIVE_ARCH = YES;
				SDKROOT = iphoneos;
				SWIFT_ACTIVE_COMPILATION_CONDITIONS = DEBUG;
				SWIFT_OPTIMIZATION_LEVEL = "-Onone";
			};
			name = Debug;
		};
		11D7A2CB27EC689A0022017D /* Release */ = {
			isa = XCBuildConfiguration;
			buildSettings = {
				ALWAYS_SEARCH_USER_PATHS = NO;
				CLANG_ANALYZER_NONNULL = YES;
				CLANG_ANALYZER_NUMBER_OBJECT_CONVERSION = YES_AGGRESSIVE;
				CLANG_CXX_LANGUAGE_STANDARD = "gnu++14";
				CLANG_CXX_LIBRARY = "libc++";
				CLANG_ENABLE_MODULES = YES;
				CLANG_ENABLE_OBJC_ARC = YES;
				CLANG_ENABLE_OBJC_WEAK = YES;
				CLANG_WARN_BLOCK_CAPTURE_AUTORELEASING = YES;
				CLANG_WARN_BOOL_CONVERSION = YES;
				CLANG_WARN_COMMA = YES;
				CLANG_WARN_CONSTANT_CONVERSION = YES;
				CLANG_WARN_DEPRECATED_OBJC_IMPLEMENTATIONS = YES;
				CLANG_WARN_DIRECT_OBJC_ISA_USAGE = YES_ERROR;
				CLANG_WARN_DOCUMENTATION_COMMENTS = YES;
				CLANG_WARN_EMPTY_BODY = YES;
				CLANG_WARN_ENUM_CONVERSION = YES;
				CLANG_WARN_INFINITE_RECURSION = YES;
				CLANG_WARN_INT_CONVERSION = YES;
				CLANG_WARN_NON_LITERAL_NULL_CONVERSION = YES;
				CLANG_WARN_OBJC_IMPLICIT_RETAIN_SELF = YES;
				CLANG_WARN_OBJC_LITERAL_CONVERSION = YES;
				CLANG_WARN_OBJC_ROOT_CLASS = YES_ERROR;
				CLANG_WARN_QUOTED_INCLUDE_IN_FRAMEWORK_HEADER = YES;
				CLANG_WARN_RANGE_LOOP_ANALYSIS = YES;
				CLANG_WARN_STRICT_PROTOTYPES = YES;
				CLANG_WARN_SUSPICIOUS_MOVE = YES;
				CLANG_WARN_UNGUARDED_AVAILABILITY = YES_AGGRESSIVE;
				CLANG_WARN_UNREACHABLE_CODE = YES;
				CLANG_WARN__DUPLICATE_METHOD_MATCH = YES;
				COPY_PHASE_STRIP = NO;
				DEBUG_INFORMATION_FORMAT = "dwarf-with-dsym";
				ENABLE_NS_ASSERTIONS = NO;
				ENABLE_STRICT_OBJC_MSGSEND = YES;
				GCC_C_LANGUAGE_STANDARD = gnu11;
				GCC_NO_COMMON_BLOCKS = YES;
				GCC_WARN_64_TO_32_BIT_CONVERSION = YES;
				GCC_WARN_ABOUT_RETURN_TYPE = YES_ERROR;
				GCC_WARN_UNDECLARED_SELECTOR = YES;
				GCC_WARN_UNINITIALIZED_AUTOS = YES_AGGRESSIVE;
				GCC_WARN_UNUSED_FUNCTION = YES;
				GCC_WARN_UNUSED_VARIABLE = YES;
				IPHONEOS_DEPLOYMENT_TARGET = 14.3;
				MTL_ENABLE_DEBUG_INFO = NO;
				MTL_FAST_MATH = YES;
				SDKROOT = iphoneos;
				SWIFT_COMPILATION_MODE = wholemodule;
				SWIFT_OPTIMIZATION_LEVEL = "-O";
				VALIDATE_PRODUCT = YES;
			};
			name = Release;
		};
		11D7A2CD27EC689A0022017D /* Debug */ = {
			isa = XCBuildConfiguration;
			buildSettings = {
				ASSETCATALOG_COMPILER_APPICON_NAME = AppIcon;
				ASSETCATALOG_COMPILER_GLOBAL_ACCENT_COLOR_NAME = AccentColor;
				CODE_SIGN_STYLE = Automatic;
				INFOPLIST_FILE = 3DCar/Info.plist;
				LD_RUNPATH_SEARCH_PATHS = (
					"$(inherited)",
					"@executable_path/Frameworks",
				);
				PRODUCT_BUNDLE_IDENTIFIER = "turboks.-DCar";
				PRODUCT_NAME = "$(TARGET_NAME)";
				SWIFT_VERSION = 5.0;
				TARGETED_DEVICE_FAMILY = "1,2";
			};
			name = Debug;
		};
		11D7A2CE27EC689A0022017D /* Release */ = {
			isa = XCBuildConfiguration;
			buildSettings = {
				ASSETCATALOG_COMPILER_APPICON_NAME = AppIcon;
				ASSETCATALOG_COMPILER_GLOBAL_ACCENT_COLOR_NAME = AccentColor;
				CODE_SIGN_STYLE = Automatic;
				INFOPLIST_FILE = 3DCar/Info.plist;
				LD_RUNPATH_SEARCH_PATHS = (
					"$(inherited)",
					"@executable_path/Frameworks",
				);
				PRODUCT_BUNDLE_IDENTIFIER = "turboks.-DCar";
				PRODUCT_NAME = "$(TARGET_NAME)";
				SWIFT_VERSION = 5.0;
				TARGETED_DEVICE_FAMILY = "1,2";
			};
			name = Release;
		};
/* End XCBuildConfiguration section */

/* Begin XCConfigurationList section */
		11D7A2B327EC68970022017D /* Build configuration list for PBXProject "3DCar" */ = {
			isa = XCConfigurationList;
			buildConfigurations = (
				11D7A2CA27EC689A0022017D /* Debug */,
				11D7A2CB27EC689A0022017D /* Release */,
			);
			defaultConfigurationIsVisible = 0;
			defaultConfigurationName = Release;
		};
		11D7A2CC27EC689A0022017D /* Build configuration list for PBXNativeTarget "3DCar" */ = {
			isa = XCConfigurationList;
			buildConfigurations = (
				11D7A2CD27EC689A0022017D /* Debug */,
				11D7A2CE27EC689A0022017D /* Release */,
			);
			defaultConfigurationIsVisible = 0;
			defaultConfigurationName = Release;
		};
/* End XCConfigurationList section */
	};
	rootObject = 11D7A2B027EC68970022017D /* Project object */;
}
